
Microsoft Visual Studio Solution File, Format Version 12.00
# Visual Studio 15
VisualStudioVersion = 15.0.27428.2015
MinimumVisualStudioVersion = 10.0.40219.1
Project("{FAE04EC0-301F-11D3-BF4B-00C04F79EFBC}") = "TE", "TE\TE.csproj", "{69233B71-E4BB-488C-A2A3-FC268B8CF4F8}"
EndProject
Global
	GlobalSection(SolutionConfigurationPlatforms) = preSolution
		Debug|Any CPU = Debug|Any CPU
		Release|Any CPU = Release|Any CPU
	EndGlobalSection
	GlobalSection(ProjectConfigurationPlatforms) = postSolution
		{69233B71-E4BB-488C-A2A3-FC268B8CF4F8}.Debug|Any CPU.ActiveCfg = Debug|Any CPU
		{69233B71-E4BB-488C-A2A3-FC268B8CF4F8}.Debug|Any CPU.Build.0 = Debug|Any CPU
		{69233B71-E4BB-488C-A2A3-FC268B8CF4F8}.Release|Any CPU.ActiveCfg = Release|Any CPU
		{69233B71-E4BB-488C-A2A3-FC268B8CF4F8}.Release|Any CPU.Build.0 = Release|Any CPU
	EndGlobalSection
	GlobalSection(SolutionProperties) = preSolution
		HideSolutionNode = FALSE
	EndGlobalSection
	GlobalSection(ExtensibilityGlobals) = postSolution
		SolutionGuid = {61E43BAE-A0D2-400B-87D0-831E510AD845}
	EndGlobalSection
EndGlobal
